
Microsoft Visual Studio Solution File, Format Version 12.00
# Visual Studio Version 16
VisualStudioVersion = 16.0.31112.23
MinimumVisualStudioVersion = 10.0.40219.1
Project("{FAE04EC0-301F-11D3-BF4B-00C04F79EFBC}") = "PRG522 SA Nathan Van Zyl 6406", "PRG522 SA Nathan Van Zyl 6406.csproj", "{EA7E9674-D876-4589-AF26-28BDF990D02B}"
EndProject
Global
	GlobalSection(SolutionConfigurationPlatforms) = preSolution
		Debug|Any CPU = Debug|Any CPU
		Release|Any CPU = Release|Any CPU
	EndGlobalSection
	GlobalSection(ProjectConfigurationPlatforms) = postSolution
		{EA7E9674-D876-4589-AF26-28BDF990D02B}.Debug|Any CPU.ActiveCfg = Debug|Any CPU
		{EA7E9674-D876-4589-AF26-28BDF990D02B}.Debug|Any CPU.Build.0 = Debug|Any CPU
		{EA7E9674-D876-4589-AF26-28BDF990D02B}.Release|Any CPU.ActiveCfg = Release|Any CPU
		{EA7E9674-D876-4589-AF26-28BDF990D02B}.Release|Any CPU.Build.0 = Release|Any CPU
	EndGlobalSection
	GlobalSection(SolutionProperties) = preSolution
		HideSolutionNode = FALSE
	EndGlobalSection
	GlobalSection(ExtensibilityGlobals) = postSolution
		SolutionGuid = {372E06A3-5BFA-497D-8B69-43C8A5AA656A}
	EndGlobalSection
EndGlobal
